{
  "version": "4",
  "specifiers": {
    "jsr:@justinmchase/serializable@~0.3.7": "0.3.8",
    "jsr:@justinmchase/type@~0.2.3": "0.2.3",
    "jsr:@std/async@^1.0.1": "1.0.8",
    "jsr:@std/encoding@0.224.0": "0.224.0",
    "jsr:@std/encoding@^1.0.5": "1.0.5",
    "jsr:@std/fmt@^1.0.2": "1.0.3",
    "jsr:@std/fs@^1.0.4": "1.0.5",
    "jsr:@std/io@0.225": "0.225.0",
    "jsr:@std/log@~0.224.5": "0.224.9",
    "jsr:@zaubrik/djwt@^3.0.2": "3.0.2"
  },
  "jsr": {
    "@justinmchase/serializable@0.3.8": {
      "integrity": "dca624e0ee2d8c9dad10d272fb0ebd55606bb3fa1627322e46d71594f4114c14",
      "dependencies": [
        "jsr:@justinmchase/type"
      ]
    },
    "@justinmchase/type@0.2.3": {
      "integrity": "bb516f56c9860752f25d43c0e61709980405c36b6ef227317eca4e0f7509dc5e"
    },
    "@std/async@1.0.8": {
      "integrity": "c057c5211a0f1d12e7dcd111ab430091301b8d64b4250052a79d277383bc3ba7"
    },
    "@std/encoding@0.224.0": {
      "integrity": "efb6dca97d3e9c31392bd5c8cfd9f9fc9decf5a1f4d1f78af7900a493bcf89b5"
    },
    "@std/encoding@1.0.5": {
      "integrity": "ecf363d4fc25bd85bd915ff6733a7e79b67e0e7806334af15f4645c569fefc04"
    },
    "@std/fmt@1.0.3": {
      "integrity": "97765c16aa32245ff4e2204ecf7d8562496a3cb8592340a80e7e554e0bb9149f"
    },
    "@std/fs@1.0.5": {
      "integrity": "41806ad6823d0b5f275f9849a2640d87e4ef67c51ee1b8fb02426f55e02fd44e"
    },
    "@std/io@0.225.0": {
      "integrity": "c1db7c5e5a231629b32d64b9a53139445b2ca640d828c26bf23e1c55f8c079b3"
    },
    "@std/log@0.224.9": {
      "integrity": "419d04e4d93e6b1a0205ac3f94809621cfec3d328d09fec9ec59cafa3b3fcaee",
      "dependencies": [
        "jsr:@std/fmt",
        "jsr:@std/fs",
        "jsr:@std/io"
      ]
    },
    "@zaubrik/djwt@3.0.2": {
      "integrity": "8070adaa49cd9e5d2b8ae82fd461132c966ef2f8ff8378db4a4da8df4f17c664",
      "dependencies": [
        "jsr:@std/encoding@0.224.0"
      ]
    }
  },
  "workspace": {
    "dependencies": [
      "jsr:@justinmchase/serializable@~0.3.7",
      "jsr:@justinmchase/type@~0.2.2",
      "jsr:@std/assert@^1.0.1",
      "jsr:@std/async@^1.0.1",
      "jsr:@std/encoding@^1.0.5",
      "jsr:@std/log@~0.224.5",
      "jsr:@std/testing@~0.225.3",
      "jsr:@zaubrik/djwt@^3.0.2"
    ]
  }
}
